{
  "pins" : [
    {
      "identity" : "async",
      "kind" : "remoteSourceControl",
      "location" : "https://github.com/natinusala/Async.git",
      "state" : {
        "revision" : "a20ccabfdaf740f14b42eadf46fa9baac882078f"
      }
    },
    {
      "identity" : "opencombine",
      "kind" : "remoteSourceControl",
      "location" : "https://github.com/OpenCombine/OpenCombine.git",
      "state" : {
        "revision" : "28993ae57de5a4ea7e164787636cafad442d568c",
        "version" : "0.12.0"
      }
    },
    {
      "identity" : "rainbow",
      "kind" : "remoteSourceControl",
      "location" : "https://github.com/onevcat/Rainbow.git",
      "state" : {
        "revision" : "e0dada9cd44e3fa7ec3b867e49a8ddbf543e3df3",
        "version" : "4.0.1"
      }
    },
    {
      "identity" : "swift-backtrace",
      "kind" : "remoteSourceControl",
      "location" : "https://github.com/swift-server/swift-backtrace.git",
      "state" : {
        "revision" : "d3e04a9d4b3833363fb6192065b763310b156d54",
        "version" : "1.3.1"
      }
    }
  ],
  "version" : 2
}
